
Microsoft Visual Studio Solution File, Format Version 12.00
# Visual Studio Version 17
VisualStudioVersion = 17.13.35806.99 d17.13
MinimumVisualStudioVersion = 10.0.40219.1
Project("{888888A0-9F3D-457C-B088-3A5042F75D52}") = "PythonApplication8", "PythonApplication8\PythonApplication8.pyproj", "{C23E2802-07C9-4E14-9872-5B7E8139BC24}"
EndProject
Global
	GlobalSection(SolutionConfigurationPlatforms) = preSolution
		Debug|Any CPU = Debug|Any CPU
		Release|Any CPU = Release|Any CPU
	EndGlobalSection
	GlobalSection(ProjectConfigurationPlatforms) = postSolution
		{C23E2802-07C9-4E14-9872-5B7E8139BC24}.Debug|Any CPU.ActiveCfg = Debug|Any CPU
		{C23E2802-07C9-4E14-9872-5B7E8139BC24}.Release|Any CPU.ActiveCfg = Release|Any CPU
	EndGlobalSection
	GlobalSection(SolutionProperties) = preSolution
		HideSolutionNode = FALSE
	EndGlobalSection
	GlobalSection(ExtensibilityGlobals) = postSolution
		SolutionGuid = {4CA1D9CB-BA4C-4070-BD4C-83D075656EE6}
	EndGlobalSection
EndGlobal
